
Microsoft Visual Studio Solution File, Format Version 12.00
# Visual Studio 14
VisualStudioVersion = 14.0.25420.1
MinimumVisualStudioVersion = 10.0.40219.1
Project("{FAE04EC0-301F-11D3-BF4B-00C04F79EFBC}") = "StreamApp", "RAVEGOD99StreamApp\StreamApp.csproj", "{2EEA6D35-7A60-4C8A-B910-D1770A2B85A6}"
EndProject
Global
	GlobalSection(SolutionConfigurationPlatforms) = preSolution
		Debug|Any CPU = Debug|Any CPU
		Release|Any CPU = Release|Any CPU
	EndGlobalSection
	GlobalSection(ProjectConfigurationPlatforms) = postSolution
		{2EEA6D35-7A60-4C8A-B910-D1770A2B85A6}.Debug|Any CPU.ActiveCfg = Debug|Any CPU
		{2EEA6D35-7A60-4C8A-B910-D1770A2B85A6}.Debug|Any CPU.Build.0 = Debug|Any CPU
		{2EEA6D35-7A60-4C8A-B910-D1770A2B85A6}.Release|Any CPU.ActiveCfg = Release|Any CPU
		{2EEA6D35-7A60-4C8A-B910-D1770A2B85A6}.Release|Any CPU.Build.0 = Release|Any CPU
	EndGlobalSection
	GlobalSection(SolutionProperties) = preSolution
		HideSolutionNode = FALSE
	EndGlobalSection
EndGlobal
